{
  "name": "opencode-vitals",
  "version": "0.1.7",
  "lockfileVersion": 3,
  "requires": true,
  "packages": {
    "": {
      "name": "opencode-vitals",
      "version": "0.1.7",
      "license": "MIT",
      "dependencies": {
        "opencode-vitals": "^0.1.7"
      },
      "bin": {
        "opencode-vitals": "cli.mjs",
        "opencode-vitals-install": "install.mjs",
        "opencode-vitals-selftest": "selftest.mjs"
      },
      "engines": {
        "node": ">=18"
      }
    },
    "node_modules/opencode-vitals": {
      "version": "0.1.7",
      "resolved": "https://registry.npmjs.org/opencode-vitals/-/opencode-vitals-0.1.7.tgz",
      "integrity": "sha512-7qCaEBdaxHpYf3DjzsIPFMypm/6x82QMSBgFCGAQeL/2ZUeiP3+U4+MQVrw8Y0eX6tsmkTdsgQODwcNT9sZwMA==",
      "license": "MIT",
      "bin": {
        "opencode-vitals": "cli.mjs",
        "opencode-vitals-install": "install.mjs",
        "opencode-vitals-selftest": "selftest.mjs"
      },
      "engines": {
        "node": ">=18"
      }
    }
  }
}
